
Microsoft Visual Studio Solution File, Format Version 12.00
# Visual Studio Version 16
VisualStudioVersion = 16.0.30804.86
MinimumVisualStudioVersion = 10.0.40219.1
Project("{FAE04EC0-301F-11D3-BF4B-00C04F79EFBC}") = "MvxBase.Core", "MvxBase.Core\MvxBase.Core.csproj", "{F6A72E31-BF79-46F5-B094-2440F6F0FC1F}"
EndProject
Project("{FAE04EC0-301F-11D3-BF4B-00C04F79EFBC}") = "Mvx.WPF", "Mvx.WPF\Mvx.WPF.csproj", "{C0DC4CDC-7DE5-4F1E-97DF-E89B643BA3C2}"
EndProject
Global
	GlobalSection(SolutionConfigurationPlatforms) = preSolution
		Debug|Any CPU = Debug|Any CPU
		Release|Any CPU = Release|Any CPU
	EndGlobalSection
	GlobalSection(ProjectConfigurationPlatforms) = postSolution
		{F6A72E31-BF79-46F5-B094-2440F6F0FC1F}.Debug|Any CPU.ActiveCfg = Debug|Any CPU
		{F6A72E31-BF79-46F5-B094-2440F6F0FC1F}.Debug|Any CPU.Build.0 = Debug|Any CPU
		{F6A72E31-BF79-46F5-B094-2440F6F0FC1F}.Release|Any CPU.ActiveCfg = Release|Any CPU
		{F6A72E31-BF79-46F5-B094-2440F6F0FC1F}.Release|Any CPU.Build.0 = Release|Any CPU
		{C0DC4CDC-7DE5-4F1E-97DF-E89B643BA3C2}.Debug|Any CPU.ActiveCfg = Debug|Any CPU
		{C0DC4CDC-7DE5-4F1E-97DF-E89B643BA3C2}.Debug|Any CPU.Build.0 = Debug|Any CPU
		{C0DC4CDC-7DE5-4F1E-97DF-E89B643BA3C2}.Release|Any CPU.ActiveCfg = Release|Any CPU
		{C0DC4CDC-7DE5-4F1E-97DF-E89B643BA3C2}.Release|Any CPU.Build.0 = Release|Any CPU
	EndGlobalSection
	GlobalSection(SolutionProperties) = preSolution
		HideSolutionNode = FALSE
	EndGlobalSection
	GlobalSection(ExtensibilityGlobals) = postSolution
		SolutionGuid = {4205A370-587E-473F-A719-0FF0B96F8069}
	EndGlobalSection
EndGlobal
